// !$*UTF8*$!
{
	archiveVersion = 1;
	classes = {
	};
	objectVersion = 56;
	objects = {

/* Begin PBXBuildFile section */
		0BE180E12B187A430042E9C1 /* SpecieViewModel.swift in Sources */ = {isa = PBXBuildFile; fileRef = 0BE180E02B187A430042E9C1 /* SpecieViewModel.swift */; };
		0BE180E42B187D060042E9C1 /* CityModel.swift in Sources */ = {isa = PBXBuildFile; fileRef = 0BE180E32B187D060042E9C1 /* CityModel.swift */; };
		0BE180E62B187D120042E9C1 /* SpecieModel.swift in Sources */ = {isa = PBXBuildFile; fileRef = 0BE180E52B187D120042E9C1 /* SpecieModel.swift */; };
		390FA25A2B18742E00AC2371 /* WeatherModel.swift in Sources */ = {isa = PBXBuildFile; fileRef = 390FA2592B18742E00AC2371 /* WeatherModel.swift */; };
		397A595E2B1A65F3008DC35D /* SpecieTableViewCell.swift in Sources */ = {isa = PBXBuildFile; fileRef = 0BE180DE2B17D2D30042E9C1 /* SpecieTableViewCell.swift */; };
		39EDED642B188743002970CB /* WeatherControllerViewModel.swift in Sources */ = {isa = PBXBuildFile; fileRef = 39EDED632B188743002970CB /* WeatherControllerViewModel.swift */; };
		5DE3DF8F2B1739B40065F510 /* AppDelegate.swift in Sources */ = {isa = PBXBuildFile; fileRef = 5DE3DF8E2B1739B40065F510 /* AppDelegate.swift */; };
		5DE3DF912B1739B40065F510 /* SceneDelegate.swift in Sources */ = {isa = PBXBuildFile; fileRef = 5DE3DF902B1739B40065F510 /* SceneDelegate.swift */; };
		5DE3DF982B1739B50065F510 /* Assets.xcassets in Resources */ = {isa = PBXBuildFile; fileRef = 5DE3DF972B1739B50065F510 /* Assets.xcassets */; };
		5DE3DF9B2B1739B50065F510 /* LaunchScreen.storyboard in Resources */ = {isa = PBXBuildFile; fileRef = 5DE3DF992B1739B50065F510 /* LaunchScreen.storyboard */; };
		5DE3DFAD2B173C0E0065F510 /* TabBarController.swift in Sources */ = {isa = PBXBuildFile; fileRef = 5DE3DFAC2B173C0E0065F510 /* TabBarController.swift */; };
		5DE3DFAF2B173C860065F510 /* AirQualityController.swift in Sources */ = {isa = PBXBuildFile; fileRef = 5DE3DFAE2B173C860065F510 /* AirQualityController.swift */; };
		5DE3DFB12B173CA80065F510 /* WeatherController.swift in Sources */ = {isa = PBXBuildFile; fileRef = 5DE3DFB02B173CA80065F510 /* WeatherController.swift */; };
		5DE3DFB32B173CD30065F510 /* SpecieController.swift in Sources */ = {isa = PBXBuildFile; fileRef = 5DE3DFB22B173CD30065F510 /* SpecieController.swift */; };
		5DE3DFB52B173CE60065F510 /* SolarResourceController.swift in Sources */ = {isa = PBXBuildFile; fileRef = 5DE3DFB42B173CE60065F510 /* SolarResourceController.swift */; };
		5DE3DFB72B173CFB0065F510 /* PopulationController.swift in Sources */ = {isa = PBXBuildFile; fileRef = 5DE3DFB62B173CFB0065F510 /* PopulationController.swift */; };
		5DE3DFBA2B173FA40065F510 /* NatenWorking in Frameworks */ = {isa = PBXBuildFile; productRef = 5DE3DFB92B173FA40065F510 /* NatenWorking */; };
		5DE3DFBF2B1774D90065F510 /* PopulationControllerViewModel.swift in Sources */ = {isa = PBXBuildFile; fileRef = 5DE3DFBE2B1774D90065F510 /* PopulationControllerViewModel.swift */; };
		5DE3DFC22B1777620065F510 /* PopulationModel.swift in Sources */ = {isa = PBXBuildFile; fileRef = 5DE3DFC12B1777620065F510 /* PopulationModel.swift */; };
		5DE3DFC52B17903C0065F510 /* DateAndPopulationView.swift in Sources */ = {isa = PBXBuildFile; fileRef = 5DE3DFC42B17903C0065F510 /* DateAndPopulationView.swift */; };
/* End PBXBuildFile section */

/* Begin PBXFileReference section */
		0BE180DE2B17D2D30042E9C1 /* SpecieTableViewCell.swift */ = {isa = PBXFileReference; lastKnownFileType = sourcecode.swift; path = SpecieTableViewCell.swift; sourceTree = "<group>"; };
		0BE180E02B187A430042E9C1 /* SpecieViewModel.swift */ = {isa = PBXFileReference; lastKnownFileType = sourcecode.swift; path = SpecieViewModel.swift; sourceTree = "<group>"; };
		0BE180E32B187D060042E9C1 /* CityModel.swift */ = {isa = PBXFileReference; lastKnownFileType = sourcecode.swift; path = CityModel.swift; sourceTree = "<group>"; };
		0BE180E52B187D120042E9C1 /* SpecieModel.swift */ = {isa = PBXFileReference; lastKnownFileType = sourcecode.swift; path = SpecieModel.swift; sourceTree = "<group>"; };
		390FA2592B18742E00AC2371 /* WeatherModel.swift */ = {isa = PBXFileReference; lastKnownFileType = sourcecode.swift; path = WeatherModel.swift; sourceTree = "<group>"; };
		39EDED632B188743002970CB /* WeatherControllerViewModel.swift */ = {isa = PBXFileReference; lastKnownFileType = sourcecode.swift; path = WeatherControllerViewModel.swift; sourceTree = "<group>"; };
		5DE3DF8B2B1739B40065F510 /* CollaborationTeamOne.app */ = {isa = PBXFileReference; explicitFileType = wrapper.application; includeInIndex = 0; path = CollaborationTeamOne.app; sourceTree = BUILT_PRODUCTS_DIR; };
		5DE3DF8E2B1739B40065F510 /* AppDelegate.swift */ = {isa = PBXFileReference; lastKnownFileType = sourcecode.swift; path = AppDelegate.swift; sourceTree = "<group>"; };
		5DE3DF902B1739B40065F510 /* SceneDelegate.swift */ = {isa = PBXFileReference; lastKnownFileType = sourcecode.swift; path = SceneDelegate.swift; sourceTree = "<group>"; };
		5DE3DF972B1739B50065F510 /* Assets.xcassets */ = {isa = PBXFileReference; lastKnownFileType = folder.assetcatalog; path = Assets.xcassets; sourceTree = "<group>"; };
		5DE3DF9A2B1739B50065F510 /* Base */ = {isa = PBXFileReference; lastKnownFileType = file.storyboard; name = Base; path = Base.lproj/LaunchScreen.storyboard; sourceTree = "<group>"; };
		5DE3DF9C2B1739B50065F510 /* Info.plist */ = {isa = PBXFileReference; lastKnownFileType = text.plist.xml; path = Info.plist; sourceTree = "<group>"; };
		5DE3DFAC2B173C0E0065F510 /* TabBarController.swift */ = {isa = PBXFileReference; lastKnownFileType = sourcecode.swift; path = TabBarController.swift; sourceTree = "<group>"; };
		5DE3DFAE2B173C860065F510 /* AirQualityController.swift */ = {isa = PBXFileReference; lastKnownFileType = sourcecode.swift; path = AirQualityController.swift; sourceTree = "<group>"; };
		5DE3DFB02B173CA80065F510 /* WeatherController.swift */ = {isa = PBXFileReference; lastKnownFileType = sourcecode.swift; path = WeatherController.swift; sourceTree = "<group>"; };
		5DE3DFB22B173CD30065F510 /* SpecieController.swift */ = {isa = PBXFileReference; lastKnownFileType = sourcecode.swift; path = SpecieController.swift; sourceTree = "<group>"; };
		5DE3DFB42B173CE60065F510 /* SolarResourceController.swift */ = {isa = PBXFileReference; lastKnownFileType = sourcecode.swift; path = SolarResourceController.swift; sourceTree = "<group>"; };
		5DE3DFB62B173CFB0065F510 /* PopulationController.swift */ = {isa = PBXFileReference; lastKnownFileType = sourcecode.swift; path = PopulationController.swift; sourceTree = "<group>"; };
		5DE3DFBE2B1774D90065F510 /* PopulationControllerViewModel.swift */ = {isa = PBXFileReference; lastKnownFileType = sourcecode.swift; path = PopulationControllerViewModel.swift; sourceTree = "<group>"; };
		5DE3DFC12B1777620065F510 /* PopulationModel.swift */ = {isa = PBXFileReference; lastKnownFileType = sourcecode.swift; path = PopulationModel.swift; sourceTree = "<group>"; };
		5DE3DFC42B17903C0065F510 /* DateAndPopulationView.swift */ = {isa = PBXFileReference; lastKnownFileType = sourcecode.swift; path = DateAndPopulationView.swift; sourceTree = "<group>"; };
/* End PBXFileReference section */

/* Begin PBXFrameworksBuildPhase section */
		5DE3DF882B1739B40065F510 /* Frameworks */ = {
			isa = PBXFrameworksBuildPhase;
			buildActionMask = 2147483647;
			files = (
				5DE3DFBA2B173FA40065F510 /* NatenWorking in Frameworks */,
			);
			runOnlyForDeploymentPostprocessing = 0;
		};
/* End PBXFrameworksBuildPhase section */

/* Begin PBXGroup section */
		0BE180E22B187A4C0042E9C1 /* TableViewCell */ = {
			isa = PBXGroup;
			children = (
				0BE180DE2B17D2D30042E9C1 /* SpecieTableViewCell.swift */,
			);
			path = TableViewCell;
			sourceTree = "<group>";
		};
		0BE180E72B187D150042E9C1 /* Models */ = {
			isa = PBXGroup;
			children = (
				0BE180E32B187D060042E9C1 /* CityModel.swift */,
				0BE180E52B187D120042E9C1 /* SpecieModel.swift */,
			);
			path = Models;
			sourceTree = "<group>";
		};
		5DE3DF822B1739B30065F510 = {
			isa = PBXGroup;
			children = (
				5DE3DF8D2B1739B40065F510 /* CollaborationTeamOne */,
				5DE3DF8C2B1739B40065F510 /* Products */,
			);
			sourceTree = "<group>";
		};
		5DE3DF8C2B1739B40065F510 /* Products */ = {
			isa = PBXGroup;
			children = (
				5DE3DF8B2B1739B40065F510 /* CollaborationTeamOne.app */,
			);
			name = Products;
			sourceTree = "<group>";
		};
		5DE3DF8D2B1739B40065F510 /* CollaborationTeamOne */ = {
			isa = PBXGroup;
			children = (
				5DE3DFA22B173AE40065F510 /* App */,
				5DE3DFA42B173AF70065F510 /* Scenes */,
				5DE3DFA32B173AEF0065F510 /* Files */,
				5DE3DF9C2B1739B50065F510 /* Info.plist */,
			);
			path = CollaborationTeamOne;
			sourceTree = "<group>";
		};
		5DE3DFA22B173AE40065F510 /* App */ = {
			isa = PBXGroup;
			children = (
				5DE3DF8E2B1739B40065F510 /* AppDelegate.swift */,
				5DE3DF902B1739B40065F510 /* SceneDelegate.swift */,
			);
			path = App;
			sourceTree = "<group>";
		};
		5DE3DFA32B173AEF0065F510 /* Files */ = {
			isa = PBXGroup;
			children = (
				5DE3DF972B1739B50065F510 /* Assets.xcassets */,
				5DE3DF992B1739B50065F510 /* LaunchScreen.storyboard */,
			);
			path = Files;
			sourceTree = "<group>";
		};
		5DE3DFA42B173AF70065F510 /* Scenes */ = {
			isa = PBXGroup;
			children = (
				5DE3DFAC2B173C0E0065F510 /* TabBarController.swift */,
				5DE3DFA82B173B740065F510 /* Tekla */,
				5DE3DFA72B173B6A0065F510 /*  WeatherPage */,
				5DE3DFA52B173B3B0065F510 /* Sesili */,
				5DE3DFA92B173B890065F510 /* Salome */,
				5DE3DFA62B173B620065F510 /* Davit */,
			);
			path = Scenes;
			sourceTree = "<group>";
		};
		5DE3DFA52B173B3B0065F510 /* Sesili */ = {
			isa = PBXGroup;
			children = (
				0BE180E72B187D150042E9C1 /* Models */,
				0BE180E22B187A4C0042E9C1 /* TableViewCell */,
				5DE3DFB22B173CD30065F510 /* SpecieController.swift */,
				0BE180E02B187A430042E9C1 /* SpecieViewModel.swift */,
			);
			path = Sesili;
			sourceTree = "<group>";
		};
		5DE3DFA62B173B620065F510 /* Davit */ = {
			isa = PBXGroup;
			children = (
				5DE3DFC02B1777410065F510 /* Model */,
				5DE3DFC32B178FDE0065F510 /* View */,
				5DE3DFC62B17ACB60065F510 /* ViewModel */,
			);
			path = Davit;
			sourceTree = "<group>";
		};
		5DE3DFA72B173B6A0065F510 /*  WeatherPage */ = {
			isa = PBXGroup;
			children = (
				5DE3DFB02B173CA80065F510 /* WeatherController.swift */,
				39EDED632B188743002970CB /* WeatherControllerViewModel.swift */,
				390FA2592B18742E00AC2371 /* WeatherModel.swift */,
			);
			path = " WeatherPage";
			sourceTree = "<group>";
		};
		5DE3DFA82B173B740065F510 /* Tekla */ = {
			isa = PBXGroup;
			children = (
				5DE3DFAE2B173C860065F510 /* AirQualityController.swift */,
			);
			path = Tekla;
			sourceTree = "<group>";
		};
		5DE3DFA92B173B890065F510 /* Salome */ = {
			isa = PBXGroup;
			children = (
				5DE3DFB42B173CE60065F510 /* SolarResourceController.swift */,
			);
			path = Salome;
			sourceTree = "<group>";
		};
		5DE3DFC02B1777410065F510 /* Model */ = {
			isa = PBXGroup;
			children = (
				5DE3DFC12B1777620065F510 /* PopulationModel.swift */,
			);
			path = Model;
			sourceTree = "<group>";
		};
		5DE3DFC32B178FDE0065F510 /* View */ = {
			isa = PBXGroup;
			children = (
				5DE3DFC42B17903C0065F510 /* DateAndPopulationView.swift */,
				5DE3DFB62B173CFB0065F510 /* PopulationController.swift */,
			);
			path = View;
			sourceTree = "<group>";
		};
		5DE3DFC62B17ACB60065F510 /* ViewModel */ = {
			isa = PBXGroup;
			children = (
				5DE3DFBE2B1774D90065F510 /* PopulationControllerViewModel.swift */,
			);
			path = ViewModel;
			sourceTree = "<group>";
		};
/* End PBXGroup section */

/* Begin PBXNativeTarget section */
		5DE3DF8A2B1739B40065F510 /* CollaborationTeamOne */ = {
			isa = PBXNativeTarget;
			buildConfigurationList = 5DE3DF9F2B1739B50065F510 /* Build configuration list for PBXNativeTarget "CollaborationTeamOne" */;
			buildPhases = (
				5DE3DF872B1739B40065F510 /* Sources */,
				5DE3DF882B1739B40065F510 /* Frameworks */,
				5DE3DF892B1739B40065F510 /* Resources */,
			);
			buildRules = (
			);
			dependencies = (
			);
			name = CollaborationTeamOne;
			packageProductDependencies = (
				5DE3DFB92B173FA40065F510 /* NatenWorking */,
			);
			productName = CollaborationTeamOne;
			productReference = 5DE3DF8B2B1739B40065F510 /* CollaborationTeamOne.app */;
			productType = "com.apple.product-type.application";
		};
/* End PBXNativeTarget section */

/* Begin PBXProject section */
		5DE3DF832B1739B30065F510 /* Project object */ = {
			isa = PBXProject;
			attributes = {
				BuildIndependentTargetsInParallel = 1;
				LastSwiftUpdateCheck = 1500;
				LastUpgradeCheck = 1500;
				TargetAttributes = {
					5DE3DF8A2B1739B40065F510 = {
						CreatedOnToolsVersion = 15.0;
					};
				};
			};
			buildConfigurationList = 5DE3DF862B1739B30065F510 /* Build configuration list for PBXProject "CollaborationTeamOne" */;
			compatibilityVersion = "Xcode 14.0";
			developmentRegion = en;
			hasScannedForEncodings = 0;
			knownRegions = (
				en,
				Base,
			);
			mainGroup = 5DE3DF822B1739B30065F510;
			packageReferences = (
				5DE3DFB82B173FA40065F510 /* XCRemoteSwiftPackageReference "NatenWorking" */,
			);
			productRefGroup = 5DE3DF8C2B1739B40065F510 /* Products */;
			projectDirPath = "";
			projectRoot = "";
			targets = (
				5DE3DF8A2B1739B40065F510 /* CollaborationTeamOne */,
			);
		};
/* End PBXProject section */

/* Begin PBXResourcesBuildPhase section */
		5DE3DF892B1739B40065F510 /* Resources */ = {
			isa = PBXResourcesBuildPhase;
			buildActionMask = 2147483647;
			files = (
				5DE3DF9B2B1739B50065F510 /* LaunchScreen.storyboard in Resources */,
				5DE3DF982B1739B50065F510 /* Assets.xcassets in Resources */,
			);
			runOnlyForDeploymentPostprocessing = 0;
		};
/* End PBXResourcesBuildPhase section */

/* Begin PBXSourcesBuildPhase section */
		5DE3DF872B1739B40065F510 /* Sources */ = {
			isa = PBXSourcesBuildPhase;
			buildActionMask = 2147483647;
			files = (
				397A595E2B1A65F3008DC35D /* SpecieTableViewCell.swift in Sources */,
				5DE3DFAD2B173C0E0065F510 /* TabBarController.swift in Sources */,
				0BE180E42B187D060042E9C1 /* CityModel.swift in Sources */,
				0BE180E12B187A430042E9C1 /* SpecieViewModel.swift in Sources */,
				5DE3DFB32B173CD30065F510 /* SpecieController.swift in Sources */,
				5DE3DFB12B173CA80065F510 /* WeatherController.swift in Sources */,
				5DE3DF8F2B1739B40065F510 /* AppDelegate.swift in Sources */,
				39EDED642B188743002970CB /* WeatherControllerViewModel.swift in Sources */,
				390FA25A2B18742E00AC2371 /* WeatherModel.swift in Sources */,
				5DE3DFC22B1777620065F510 /* PopulationModel.swift in Sources */,
				5DE3DFB72B173CFB0065F510 /* PopulationController.swift in Sources */,
				5DE3DFB52B173CE60065F510 /* SolarResourceController.swift in Sources */,
				5DE3DFBF2B1774D90065F510 /* PopulationControllerViewModel.swift in Sources */,
				5DE3DF912B1739B40065F510 /* SceneDelegate.swift in Sources */,
				0BE180E62B187D120042E9C1 /* SpecieModel.swift in Sources */,
				5DE3DFAF2B173C860065F510 /* AirQualityController.swift in Sources */,
				5DE3DFC52B17903C0065F510 /* DateAndPopulationView.swift in Sources */,
			);
			runOnlyForDeploymentPostprocessing = 0;
		};
/* End PBXSourcesBuildPhase section */

/* Begin PBXVariantGroup section */
		5DE3DF992B1739B50065F510 /* LaunchScreen.storyboard */ = {
			isa = PBXVariantGroup;
			children = (
				5DE3DF9A2B1739B50065F510 /* Base */,
			);
			name = LaunchScreen.storyboard;
			sourceTree = "<group>";
		};
/* End PBXVariantGroup section */

/* Begin XCBuildConfiguration section */
		5DE3DF9D2B1739B50065F510 /* Debug */ = {
			isa = XCBuildConfiguration;
			buildSettings = {
				ALWAYS_SEARCH_USER_PATHS = NO;
				ASSETCATALOG_COMPILER_GENERATE_SWIFT_ASSET_SYMBOL_EXTENSIONS = YES;
				CLANG_ANALYZER_NONNULL = YES;
				CLANG_ANALYZER_NUMBER_OBJECT_CONVERSION = YES_AGGRESSIVE;
				CLANG_CXX_LANGUAGE_STANDARD = "gnu++20";
				CLANG_ENABLE_MODULES = YES;
				CLANG_ENABLE_OBJC_ARC = YES;
				CLANG_ENABLE_OBJC_WEAK = YES;
				CLANG_WARN_BLOCK_CAPTURE_AUTORELEASING = YES;
				CLANG_WARN_BOOL_CONVERSION = YES;
				CLANG_WARN_COMMA = YES;
				CLANG_WARN_CONSTANT_CONVERSION = YES;
				CLANG_WARN_DEPRECATED_OBJC_IMPLEMENTATIONS = YES;
				CLANG_WARN_DIRECT_OBJC_ISA_USAGE = YES_ERROR;
				CLANG_WARN_DOCUMENTATION_COMMENTS = YES;
				CLANG_WARN_EMPTY_BODY = YES;
				CLANG_WARN_ENUM_CONVERSION = YES;
				CLANG_WARN_INFINITE_RECURSION = YES;
				CLANG_WARN_INT_CONVERSION = YES;
				CLANG_WARN_NON_LITERAL_NULL_CONVERSION = YES;
				CLANG_WARN_OBJC_IMPLICIT_RETAIN_SELF = YES;
				CLANG_WARN_OBJC_LITERAL_CONVERSION = YES;
				CLANG_WARN_OBJC_ROOT_CLASS = YES_ERROR;
				CLANG_WARN_QUOTED_INCLUDE_IN_FRAMEWORK_HEADER = YES;
				CLANG_WARN_RANGE_LOOP_ANALYSIS = YES;
				CLANG_WARN_STRICT_PROTOTYPES = YES;
				CLANG_WARN_SUSPICIOUS_MOVE = YES;
				CLANG_WARN_UNGUARDED_AVAILABILITY = YES_AGGRESSIVE;
				CLANG_WARN_UNREACHABLE_CODE = YES;
				CLANG_WARN__DUPLICATE_METHOD_MATCH = YES;
				COPY_PHASE_STRIP = NO;
				DEBUG_INFORMATION_FORMAT = dwarf;
				ENABLE_STRICT_OBJC_MSGSEND = YES;
				ENABLE_TESTABILITY = YES;
				ENABLE_USER_SCRIPT_SANDBOXING = YES;
				GCC_C_LANGUAGE_STANDARD = gnu17;
				GCC_DYNAMIC_NO_PIC = NO;
				GCC_NO_COMMON_BLOCKS = YES;
				GCC_OPTIMIZATION_LEVEL = 0;
				GCC_PREPROCESSOR_DEFINITIONS = (
					"DEBUG=1",
					"$(inherited)",
				);
				GCC_WARN_64_TO_32_BIT_CONVERSION = YES;
				GCC_WARN_ABOUT_RETURN_TYPE = YES_ERROR;
				GCC_WARN_UNDECLARED_SELECTOR = YES;
				GCC_WARN_UNINITIALIZED_AUTOS = YES_AGGRESSIVE;
				GCC_WARN_UNUSED_FUNCTION = YES;
				GCC_WARN_UNUSED_VARIABLE = YES;
				IPHONEOS_DEPLOYMENT_TARGET = 17.0;
				LOCALIZATION_PREFERS_STRING_CATALOGS = YES;
				MTL_ENABLE_DEBUG_INFO = INCLUDE_SOURCE;
				MTL_FAST_MATH = YES;
				ONLY_ACTIVE_ARCH = YES;
				SDKROOT = iphoneos;
				SWIFT_ACTIVE_COMPILATION_CONDITIONS = "DEBUG $(inherited)";
				SWIFT_OPTIMIZATION_LEVEL = "-Onone";
			};
			name = Debug;
		};
		5DE3DF9E2B1739B50065F510 /* Release */ = {
			isa = XCBuildConfiguration;
			buildSettings = {
				ALWAYS_SEARCH_USER_PATHS = NO;
				ASSETCATALOG_COMPILER_GENERATE_SWIFT_ASSET_SYMBOL_EXTENSIONS = YES;
				CLANG_ANALYZER_NONNULL = YES;
				CLANG_ANALYZER_NUMBER_OBJECT_CONVERSION = YES_AGGRESSIVE;
				CLANG_CXX_LANGUAGE_STANDARD = "gnu++20";
				CLANG_ENABLE_MODULES = YES;
				CLANG_ENABLE_OBJC_ARC = YES;
				CLANG_ENABLE_OBJC_WEAK = YES;
				CLANG_WARN_BLOCK_CAPTURE_AUTORELEASING = YES;
				CLANG_WARN_BOOL_CONVERSION = YES;
				CLANG_WARN_COMMA = YES;
				CLANG_WARN_CONSTANT_CONVERSION = YES;
				CLANG_WARN_DEPRECATED_OBJC_IMPLEMENTATIONS = YES;
				CLANG_WARN_DIRECT_OBJC_ISA_USAGE = YES_ERROR;
				CLANG_WARN_DOCUMENTATION_COMMENTS = YES;
				CLANG_WARN_EMPTY_BODY = YES;
				CLANG_WARN_ENUM_CONVERSION = YES;
				CLANG_WARN_INFINITE_RECURSION = YES;
				CLANG_WARN_INT_CONVERSION = YES;
				CLANG_WARN_NON_LITERAL_NULL_CONVERSION = YES;
				CLANG_WARN_OBJC_IMPLICIT_RETAIN_SELF = YES;
				CLANG_WARN_OBJC_LITERAL_CONVERSION = YES;
				CLANG_WARN_OBJC_ROOT_CLASS = YES_ERROR;
				CLANG_WARN_QUOTED_INCLUDE_IN_FRAMEWORK_HEADER = YES;
				CLANG_WARN_RANGE_LOOP_ANALYSIS = YES;
				CLANG_WARN_STRICT_PROTOTYPES = YES;
				CLANG_WARN_SUSPICIOUS_MOVE = YES;
				CLANG_WARN_UNGUARDED_AVAILABILITY = YES_AGGRESSIVE;
				CLANG_WARN_UNREACHABLE_CODE = YES;
				CLANG_WARN__DUPLICATE_METHOD_MATCH = YES;
				COPY_PHASE_STRIP = NO;
				DEBUG_INFORMATION_FORMAT = "dwarf-with-dsym";
				ENABLE_NS_ASSERTIONS = NO;
				ENABLE_STRICT_OBJC_MSGSEND = YES;
				ENABLE_USER_SCRIPT_SANDBOXING = YES;
				GCC_C_LANGUAGE_STANDARD = gnu17;
				GCC_NO_COMMON_BLOCKS = YES;
				GCC_WARN_64_TO_32_BIT_CONVERSION = YES;
				GCC_WARN_ABOUT_RETURN_TYPE = YES_ERROR;
				GCC_WARN_UNDECLARED_SELECTOR = YES;
				GCC_WARN_UNINITIALIZED_AUTOS = YES_AGGRESSIVE;
				GCC_WARN_UNUSED_FUNCTION = YES;
				GCC_WARN_UNUSED_VARIABLE = YES;
				IPHONEOS_DEPLOYMENT_TARGET = 17.0;
				LOCALIZATION_PREFERS_STRING_CATALOGS = YES;
				MTL_ENABLE_DEBUG_INFO = NO;
				MTL_FAST_MATH = YES;
				SDKROOT = iphoneos;
				SWIFT_COMPILATION_MODE = wholemodule;
				VALIDATE_PRODUCT = YES;
			};
			name = Release;
		};
		5DE3DFA02B1739B50065F510 /* Debug */ = {
			isa = XCBuildConfiguration;
			buildSettings = {
				ASSETCATALOG_COMPILER_APPICON_NAME = AppIcon;
				ASSETCATALOG_COMPILER_GLOBAL_ACCENT_COLOR_NAME = AccentColor;
				CODE_SIGN_STYLE = Automatic;
				CURRENT_PROJECT_VERSION = 1;
				DEVELOPMENT_TEAM = N6PQF93RKP;
				GENERATE_INFOPLIST_FILE = YES;
				INFOPLIST_FILE = CollaborationTeamOne/Info.plist;
				INFOPLIST_KEY_UIApplicationSupportsIndirectInputEvents = YES;
				INFOPLIST_KEY_UILaunchStoryboardName = LaunchScreen;
				INFOPLIST_KEY_UISupportedInterfaceOrientations_iPad = "UIInterfaceOrientationPortrait UIInterfaceOrientationPortraitUpsideDown UIInterfaceOrientationLandscapeLeft UIInterfaceOrientationLandscapeRight";
				INFOPLIST_KEY_UISupportedInterfaceOrientations_iPhone = "UIInterfaceOrientationPortrait UIInterfaceOrientationLandscapeLeft UIInterfaceOrientationLandscapeRight";
				LD_RUNPATH_SEARCH_PATHS = (
					"$(inherited)",
					"@executable_path/Frameworks",
				);
				MARKETING_VERSION = 1.0;
				PRODUCT_BUNDLE_IDENTIFIER = com.nat.CollaborationTeamOne;
				PRODUCT_NAME = "$(TARGET_NAME)";
				SWIFT_EMIT_LOC_STRINGS = YES;
				SWIFT_VERSION = 5.0;
				TARGETED_DEVICE_FAMILY = "1,2";
			};
			name = Debug;
		};
		5DE3DFA12B1739B50065F510 /* Release */ = {
			isa = XCBuildConfiguration;
			buildSettings = {
				ASSETCATALOG_COMPILER_APPICON_NAME = AppIcon;
				ASSETCATALOG_COMPILER_GLOBAL_ACCENT_COLOR_NAME = AccentColor;
				CODE_SIGN_STYLE = Automatic;
				CURRENT_PROJECT_VERSION = 1;
				DEVELOPMENT_TEAM = N6PQF93RKP;
				GENERATE_INFOPLIST_FILE = YES;
				INFOPLIST_FILE = CollaborationTeamOne/Info.plist;
				INFOPLIST_KEY_UIApplicationSupportsIndirectInputEvents = YES;
				INFOPLIST_KEY_UILaunchStoryboardName = LaunchScreen;
				INFOPLIST_KEY_UISupportedInterfaceOrientations_iPad = "UIInterfaceOrientationPortrait UIInterfaceOrientationPortraitUpsideDown UIInterfaceOrientationLandscapeLeft UIInterfaceOrientationLandscapeRight";
				INFOPLIST_KEY_UISupportedInterfaceOrientations_iPhone = "UIInterfaceOrientationPortrait UIInterfaceOrientationLandscapeLeft UIInterfaceOrientationLandscapeRight";
				LD_RUNPATH_SEARCH_PATHS = (
					"$(inherited)",
					"@executable_path/Frameworks",
				);
				MARKETING_VERSION = 1.0;
				PRODUCT_BUNDLE_IDENTIFIER = com.nat.CollaborationTeamOne;
				PRODUCT_NAME = "$(TARGET_NAME)";
				SWIFT_EMIT_LOC_STRINGS = YES;
				SWIFT_VERSION = 5.0;
				TARGETED_DEVICE_FAMILY = "1,2";
			};
			name = Release;
		};
/* End XCBuildConfiguration section */

/* Begin XCConfigurationList section */
		5DE3DF862B1739B30065F510 /* Build configuration list for PBXProject "CollaborationTeamOne" */ = {
			isa = XCConfigurationList;
			buildConfigurations = (
				5DE3DF9D2B1739B50065F510 /* Debug */,
				5DE3DF9E2B1739B50065F510 /* Release */,
			);
			defaultConfigurationIsVisible = 0;
			defaultConfigurationName = Release;
		};
		5DE3DF9F2B1739B50065F510 /* Build configuration list for PBXNativeTarget "CollaborationTeamOne" */ = {
			isa = XCConfigurationList;
			buildConfigurations = (
				5DE3DFA02B1739B50065F510 /* Debug */,
				5DE3DFA12B1739B50065F510 /* Release */,
			);
			defaultConfigurationIsVisible = 0;
			defaultConfigurationName = Release;
		};
/* End XCConfigurationList section */

/* Begin XCRemoteSwiftPackageReference section */
		5DE3DFB82B173FA40065F510 /* XCRemoteSwiftPackageReference "NatenWorking" */ = {
			isa = XCRemoteSwiftPackageReference;
			repositoryURL = "https://github.com/Natenadze/NatenWorking.git";
			requirement = {
				branch = main;
				kind = branch;
			};
		};
/* End XCRemoteSwiftPackageReference section */

/* Begin XCSwiftPackageProductDependency section */
		5DE3DFB92B173FA40065F510 /* NatenWorking */ = {
			isa = XCSwiftPackageProductDependency;
			package = 5DE3DFB82B173FA40065F510 /* XCRemoteSwiftPackageReference "NatenWorking" */;
			productName = NatenWorking;
		};
/* End XCSwiftPackageProductDependency section */
	};
	rootObject = 5DE3DF832B1739B30065F510 /* Project object */;
}
